
Microsoft Visual Studio Solution File, Format Version 12.00
# Visual Studio 15
VisualStudioVersion = 15.0.28307.902
MinimumVisualStudioVersion = 10.0.40219.1
Project("{FAE04EC0-301F-11D3-BF4B-00C04F79EFBC}") = "DEV-1.2", "NumberSystemCalculator\DEV-1.2.csproj", "{23FADF2B-4257-488D-99D3-753DDCB8CBF9}"
EndProject
Project("{FAE04EC0-301F-11D3-BF4B-00C04F79EFBC}") = "UnitTestCalculator", "UnitTestCalculator\UnitTestCalculator.csproj", "{604D5D1F-E184-4CC3-B885-D4092435ADF6}"
EndProject
Global
	GlobalSection(SolutionConfigurationPlatforms) = preSolution
		Debug|Any CPU = Debug|Any CPU
		Release|Any CPU = Release|Any CPU
	EndGlobalSection
	GlobalSection(ProjectConfigurationPlatforms) = postSolution
		{23FADF2B-4257-488D-99D3-753DDCB8CBF9}.Debug|Any CPU.ActiveCfg = Debug|Any CPU
		{23FADF2B-4257-488D-99D3-753DDCB8CBF9}.Debug|Any CPU.Build.0 = Debug|Any CPU
		{23FADF2B-4257-488D-99D3-753DDCB8CBF9}.Release|Any CPU.ActiveCfg = Release|Any CPU
		{23FADF2B-4257-488D-99D3-753DDCB8CBF9}.Release|Any CPU.Build.0 = Release|Any CPU
		{604D5D1F-E184-4CC3-B885-D4092435ADF6}.Debug|Any CPU.ActiveCfg = Debug|Any CPU
		{604D5D1F-E184-4CC3-B885-D4092435ADF6}.Debug|Any CPU.Build.0 = Debug|Any CPU
		{604D5D1F-E184-4CC3-B885-D4092435ADF6}.Release|Any CPU.ActiveCfg = Release|Any CPU
		{604D5D1F-E184-4CC3-B885-D4092435ADF6}.Release|Any CPU.Build.0 = Release|Any CPU
	EndGlobalSection
	GlobalSection(SolutionProperties) = preSolution
		HideSolutionNode = FALSE
	EndGlobalSection
	GlobalSection(ExtensibilityGlobals) = postSolution
		SolutionGuid = {ADACC5C3-5151-4963-8002-7F8CD70964C8}
	EndGlobalSection
EndGlobal
